
Microsoft Visual Studio Solution File, Format Version 12.00
Project("{FAE04EC0-301F-11D3-BF4B-00C04F79EFBC}") = "Day2", "src\Day2\Day2.csproj", "{964E0B29-8987-4FA3-A76E-B1D049FAEB10}"
EndProject
Project("{FAE04EC0-301F-11D3-BF4B-00C04F79EFBC}") = "Day1", "src\Day1\Day1.csproj", "{4C04653F-528D-46BF-9214-C023A3536E8E}"
EndProject
Global
	GlobalSection(SolutionConfigurationPlatforms) = preSolution
		Debug|Any CPU = Debug|Any CPU
		Release|Any CPU = Release|Any CPU
	EndGlobalSection
	GlobalSection(NestedProjects) = preSolution
	EndGlobalSection
	GlobalSection(ProjectConfigurationPlatforms) = postSolution
		{964E0B29-8987-4FA3-A76E-B1D049FAEB10}.Debug|Any CPU.ActiveCfg = Debug|Any CPU
		{964E0B29-8987-4FA3-A76E-B1D049FAEB10}.Debug|Any CPU.Build.0 = Debug|Any CPU
		{964E0B29-8987-4FA3-A76E-B1D049FAEB10}.Release|Any CPU.ActiveCfg = Release|Any CPU
		{964E0B29-8987-4FA3-A76E-B1D049FAEB10}.Release|Any CPU.Build.0 = Release|Any CPU
		{4C04653F-528D-46BF-9214-C023A3536E8E}.Debug|Any CPU.ActiveCfg = Debug|Any CPU
		{4C04653F-528D-46BF-9214-C023A3536E8E}.Debug|Any CPU.Build.0 = Debug|Any CPU
		{4C04653F-528D-46BF-9214-C023A3536E8E}.Release|Any CPU.ActiveCfg = Release|Any CPU
		{4C04653F-528D-46BF-9214-C023A3536E8E}.Release|Any CPU.Build.0 = Release|Any CPU
	EndGlobalSection
EndGlobal
