
Microsoft Visual Studio Solution File, Format Version 12.00
Project("{2150E333-8FDC-42A3-9474-1A3956D46DE8}") = "Day 1", "Day 1", "{4B059975-97F5-4298-80D9-F0C71D9B2E31}"
EndProject
Project("{FAE04EC0-301F-11D3-BF4B-00C04F79EFBC}") = "Day1", "src\Day1\Day1.csproj", "{A7E2C0D6-B258-49E0-A9ED-CEF2FD3234E3}"
EndProject
Global
	GlobalSection(SolutionConfigurationPlatforms) = preSolution
		Debug|Any CPU = Debug|Any CPU
		Release|Any CPU = Release|Any CPU
	EndGlobalSection
	GlobalSection(NestedProjects) = preSolution
		{A7E2C0D6-B258-49E0-A9ED-CEF2FD3234E3} = {4B059975-97F5-4298-80D9-F0C71D9B2E31}
	EndGlobalSection
	GlobalSection(ProjectConfigurationPlatforms) = postSolution
		{A7E2C0D6-B258-49E0-A9ED-CEF2FD3234E3}.Debug|Any CPU.ActiveCfg = Debug|Any CPU
		{A7E2C0D6-B258-49E0-A9ED-CEF2FD3234E3}.Debug|Any CPU.Build.0 = Debug|Any CPU
		{A7E2C0D6-B258-49E0-A9ED-CEF2FD3234E3}.Release|Any CPU.ActiveCfg = Release|Any CPU
		{A7E2C0D6-B258-49E0-A9ED-CEF2FD3234E3}.Release|Any CPU.Build.0 = Release|Any CPU
	EndGlobalSection
EndGlobal
